
Microsoft Visual Studio Solution File, Format Version 12.00
# Visual Studio Version 17
VisualStudioVersion = 17.0.31611.283
MinimumVisualStudioVersion = 10.0.40219.1
Project("{2150E333-8FDC-42A3-9474-1A3956D46DE8}") = "MAUI", "MAUI", "{7A223253-21A6-4731-AC63-A095B0CC3687}"
EndProject
Project("{2150E333-8FDC-42A3-9474-1A3956D46DE8}") = "NET", "NET", "{B573A515-BE4C-415C-B5C8-2750F07EDB08}"
EndProject
Project("{FAE04EC0-301F-11D3-BF4B-00C04F79EFBC}") = "ScanbotSdkExample.Maui", "MAUI\ScanbotSdkExample.Maui\ScanbotSdkExample.Maui.csproj", "{15653AAE-568D-482D-B89D-A86586B1A731}"
EndProject
Project("{FAE04EC0-301F-11D3-BF4B-00C04F79EFBC}") = "ScanbotSdkExample.Droid", "NET\ScanbotSdkExample.Droid\ScanbotSdkExample.Droid.csproj", "{C391E50B-4023-47FA-875E-CCC6EE86B227}"
EndProject
Project("{FAE04EC0-301F-11D3-BF4B-00C04F79EFBC}") = "ScanbotSdkExample.iOS", "NET\ScanbotSdkExample.iOS\ScanbotSdkExample.iOS.csproj", "{350DE1B0-897C-4D7D-ACE6-8BA47AA74FB5}"
EndProject
Global
	GlobalSection(SolutionConfigurationPlatforms) = preSolution
		Debug|Any CPU = Debug|Any CPU
								Release|Any CPU = Release|Any CPU
	EndGlobalSection
	GlobalSection(ProjectConfigurationPlatforms) = postSolution
		{15653AAE-568D-482D-B89D-A86586B1A731}.Debug|Any CPU.ActiveCfg = Debug|Any CPU
		{15653AAE-568D-482D-B89D-A86586B1A731}.Debug|Any CPU.Build.0 = Debug|Any CPU
		{15653AAE-568D-482D-B89D-A86586B1A731}.Release|Any CPU.ActiveCfg = Release|Any CPU
		{15653AAE-568D-482D-B89D-A86586B1A731}.Release|Any CPU.Build.0 = Release|Any CPU
		{C391E50B-4023-47FA-875E-CCC6EE86B227}.Debug|Any CPU.ActiveCfg = Debug|Any CPU
		{C391E50B-4023-47FA-875E-CCC6EE86B227}.Debug|Any CPU.Build.0 = Debug|Any CPU
		{C391E50B-4023-47FA-875E-CCC6EE86B227}.Release|Any CPU.ActiveCfg = Release|Any CPU
		{C391E50B-4023-47FA-875E-CCC6EE86B227}.Release|Any CPU.Build.0 = Release|Any CPU
		{350DE1B0-897C-4D7D-ACE6-8BA47AA74FB5}.Debug|Any CPU.ActiveCfg = Debug|Any CPU
		{350DE1B0-897C-4D7D-ACE6-8BA47AA74FB5}.Debug|Any CPU.Build.0 = Debug|Any CPU
		{350DE1B0-897C-4D7D-ACE6-8BA47AA74FB5}.Release|Any CPU.ActiveCfg = Release|Any CPU
		{350DE1B0-897C-4D7D-ACE6-8BA47AA74FB5}.Release|Any CPU.Build.0 = Release|Any CPU
	EndGlobalSection
	GlobalSection(SolutionProperties) = preSolution
		HideSolutionNode = FALSE
	EndGlobalSection
	GlobalSection(NestedProjects) = preSolution
		{15653AAE-568D-482D-B89D-A86586B1A731} = {7A223253-21A6-4731-AC63-A095B0CC3687}
		{C391E50B-4023-47FA-875E-CCC6EE86B227} = {B573A515-BE4C-415C-B5C8-2750F07EDB08}
		{350DE1B0-897C-4D7D-ACE6-8BA47AA74FB5} = {B573A515-BE4C-415C-B5C8-2750F07EDB08}
	EndGlobalSection
	GlobalSection(ExtensibilityGlobals) = postSolution
		SolutionGuid = {61F7FB11-1E47-470C-91E2-47F8143E1572}
	EndGlobalSection
EndGlobal
