
Microsoft Visual Studio Solution File, Format Version 12.00
# Visual Studio Version 17
VisualStudioVersion = 17.0.31611.283
MinimumVisualStudioVersion = 10.0.40219.1
Project("{2150E333-8FDC-42A3-9474-1A3956D46DE8}") = "MAUI", "MAUI", "{7A223253-21A6-4731-AC63-A095B0CC3687}"
EndProject
Project("{FAE04EC0-301F-11D3-BF4B-00C04F79EFBC}") = "ScanbotSdkExample.Maui", "MAUI\ScanbotSdkExample.Maui\ScanbotSdkExample.Maui.csproj", "{EFE30BF5-F7A5-43BF-9A9F-EB4D2192A31B}"
EndProject
Project("{2150E333-8FDC-42A3-9474-1A3956D46DE8}") = "NET", "NET", "{B573A515-BE4C-415C-B5C8-2750F07EDB08}"
EndProject
Project("{9A19103F-16F7-4668-BE54-9A1E7A4F7556}") = "ScanbotSdkExample.iOS", "NET\ScanbotSdkExample.iOS\ScanbotSdkExample.iOS.csproj", "{A3676FA2-6444-4EE2-8E37-918C32FA931C}"
EndProject
Project("{9A19103F-16F7-4668-BE54-9A1E7A4F7556}") = "ScanbotSdkExample.Droid", "NET\ScanbotSdkExample.Droid\ScanbotSdkExample.Droid.csproj", "{17EA4B1B-DE2F-4AAD-9E7B-7F5D28A91CBC}"
EndProject
Global
	GlobalSection(SolutionConfigurationPlatforms) = preSolution
		Debug|Any CPU = Debug|Any CPU
		Debug|ARM64 = Debug|ARM64
		Debug|x64 = Debug|x64
		Release|Any CPU = Release|Any CPU
		Release|ARM64 = Release|ARM64
		Release|x64 = Release|x64
	EndGlobalSection
	GlobalSection(ProjectConfigurationPlatforms) = postSolution
		{EFE30BF5-F7A5-43BF-9A9F-EB4D2192A31B}.Debug|Any CPU.ActiveCfg = Debug|Any CPU
		{EFE30BF5-F7A5-43BF-9A9F-EB4D2192A31B}.Debug|Any CPU.Build.0 = Debug|Any CPU
		{EFE30BF5-F7A5-43BF-9A9F-EB4D2192A31B}.Debug|Any CPU.Deploy.0 = Debug|Any CPU
		{EFE30BF5-F7A5-43BF-9A9F-EB4D2192A31B}.Debug|ARM64.ActiveCfg = Debug|Any CPU
		{EFE30BF5-F7A5-43BF-9A9F-EB4D2192A31B}.Debug|ARM64.Build.0 = Debug|Any CPU
		{EFE30BF5-F7A5-43BF-9A9F-EB4D2192A31B}.Debug|ARM64.Deploy.0 = Debug|Any CPU
		{EFE30BF5-F7A5-43BF-9A9F-EB4D2192A31B}.Debug|x64.ActiveCfg = Debug|Any CPU
		{EFE30BF5-F7A5-43BF-9A9F-EB4D2192A31B}.Debug|x64.Build.0 = Debug|Any CPU
		{EFE30BF5-F7A5-43BF-9A9F-EB4D2192A31B}.Debug|x64.Deploy.0 = Debug|Any CPU
		{EFE30BF5-F7A5-43BF-9A9F-EB4D2192A31B}.Release|Any CPU.ActiveCfg = Release|Any CPU
		{EFE30BF5-F7A5-43BF-9A9F-EB4D2192A31B}.Release|Any CPU.Build.0 = Release|Any CPU
		{EFE30BF5-F7A5-43BF-9A9F-EB4D2192A31B}.Release|Any CPU.Deploy.0 = Release|Any CPU
		{EFE30BF5-F7A5-43BF-9A9F-EB4D2192A31B}.Release|ARM64.ActiveCfg = Release|Any CPU
		{EFE30BF5-F7A5-43BF-9A9F-EB4D2192A31B}.Release|ARM64.Build.0 = Release|Any CPU
		{EFE30BF5-F7A5-43BF-9A9F-EB4D2192A31B}.Release|ARM64.Deploy.0 = Release|Any CPU
		{EFE30BF5-F7A5-43BF-9A9F-EB4D2192A31B}.Release|x64.ActiveCfg = Release|Any CPU
		{EFE30BF5-F7A5-43BF-9A9F-EB4D2192A31B}.Release|x64.Build.0 = Release|Any CPU
		{EFE30BF5-F7A5-43BF-9A9F-EB4D2192A31B}.Release|x64.Deploy.0 = Release|Any CPU
		{A3676FA2-6444-4EE2-8E37-918C32FA931C}.Debug|Any CPU.ActiveCfg = Debug|Any CPU
		{A3676FA2-6444-4EE2-8E37-918C32FA931C}.Debug|Any CPU.Build.0 = Debug|Any CPU
		{A3676FA2-6444-4EE2-8E37-918C32FA931C}.Debug|ARM64.ActiveCfg = Debug|ARM64
		{A3676FA2-6444-4EE2-8E37-918C32FA931C}.Debug|ARM64.Build.0 = Debug|ARM64
		{A3676FA2-6444-4EE2-8E37-918C32FA931C}.Debug|ARM64.Deploy.0 = Debug|ARM64
		{A3676FA2-6444-4EE2-8E37-918C32FA931C}.Debug|x64.ActiveCfg = Debug|x64
		{A3676FA2-6444-4EE2-8E37-918C32FA931C}.Debug|x64.Build.0 = Debug|x64
		{A3676FA2-6444-4EE2-8E37-918C32FA931C}.Debug|x64.Deploy.0 = Debug|x64
		{A3676FA2-6444-4EE2-8E37-918C32FA931C}.Release|Any CPU.ActiveCfg = Release|Any CPU
		{A3676FA2-6444-4EE2-8E37-918C32FA931C}.Release|Any CPU.Build.0 = Release|Any CPU
		{A3676FA2-6444-4EE2-8E37-918C32FA931C}.Release|ARM64.ActiveCfg = Release|Any CPU
		{A3676FA2-6444-4EE2-8E37-918C32FA931C}.Release|ARM64.Build.0 = Release|Any CPU
		{A3676FA2-6444-4EE2-8E37-918C32FA931C}.Release|x64.ActiveCfg = Release|Any CPU
		{A3676FA2-6444-4EE2-8E37-918C32FA931C}.Release|x64.Build.0 = Release|Any CPU
		{17EA4B1B-DE2F-4AAD-9E7B-7F5D28A91CBC}.Debug|Any CPU.ActiveCfg = Debug|Any CPU
		{17EA4B1B-DE2F-4AAD-9E7B-7F5D28A91CBC}.Debug|Any CPU.Build.0 = Debug|Any CPU
		{17EA4B1B-DE2F-4AAD-9E7B-7F5D28A91CBC}.Debug|ARM64.ActiveCfg = Debug|ARM64
		{17EA4B1B-DE2F-4AAD-9E7B-7F5D28A91CBC}.Debug|ARM64.Build.0 = Debug|ARM64
		{17EA4B1B-DE2F-4AAD-9E7B-7F5D28A91CBC}.Debug|ARM64.Deploy.0 = Debug|ARM64
		{17EA4B1B-DE2F-4AAD-9E7B-7F5D28A91CBC}.Debug|x64.ActiveCfg = Debug|x64
		{17EA4B1B-DE2F-4AAD-9E7B-7F5D28A91CBC}.Debug|x64.Build.0 = Debug|x64
		{17EA4B1B-DE2F-4AAD-9E7B-7F5D28A91CBC}.Debug|x64.Deploy.0 = Debug|x64
		{17EA4B1B-DE2F-4AAD-9E7B-7F5D28A91CBC}.Release|Any CPU.ActiveCfg = Release|Any CPU
		{17EA4B1B-DE2F-4AAD-9E7B-7F5D28A91CBC}.Release|Any CPU.Build.0 = Release|Any CPU
		{17EA4B1B-DE2F-4AAD-9E7B-7F5D28A91CBC}.Release|ARM64.ActiveCfg = Release|Any CPU
		{17EA4B1B-DE2F-4AAD-9E7B-7F5D28A91CBC}.Release|ARM64.Build.0 = Release|Any CPU
		{17EA4B1B-DE2F-4AAD-9E7B-7F5D28A91CBC}.Release|x64.ActiveCfg = Release|Any CPU
		{17EA4B1B-DE2F-4AAD-9E7B-7F5D28A91CBC}.Release|x64.Build.0 = Release|Any CPU
	EndGlobalSection
	GlobalSection(SolutionProperties) = preSolution
		HideSolutionNode = FALSE
	EndGlobalSection
	GlobalSection(NestedProjects) = preSolution
		{EFE30BF5-F7A5-43BF-9A9F-EB4D2192A31B} = {7A223253-21A6-4731-AC63-A095B0CC3687}
		{A3676FA2-6444-4EE2-8E37-918C32FA931C} = {B573A515-BE4C-415C-B5C8-2750F07EDB08}
		{17EA4B1B-DE2F-4AAD-9E7B-7F5D28A91CBC} = {B573A515-BE4C-415C-B5C8-2750F07EDB08}
	EndGlobalSection
	GlobalSection(ExtensibilityGlobals) = postSolution
		SolutionGuid = {61F7FB11-1E47-470C-91E2-47F8143E1572}
	EndGlobalSection
EndGlobal
