
Microsoft Visual Studio Solution File, Format Version 12.00
# Visual Studio Version 16
VisualStudioVersion = 17.0.31611.283
MinimumVisualStudioVersion = 10.0.40219.1
Project("{2150E333-8FDC-42A3-9474-1A3956D46DE8}") = "MAUI", "MAUI", "{7A223253-21A6-4731-AC63-A095B0CC3687}"
EndProject
Project("{FAE04EC0-301F-11D3-BF4B-00C04F79EFBC}") = "ReadyToUseUI.Maui", "MAUI\ReadyToUseUI.Maui\ReadyToUseUI.Maui.csproj", "{EFE30BF5-F7A5-43BF-9A9F-EB4D2192A31B}"
EndProject
Project("{FAE04EC0-301F-11D3-BF4B-00C04F79EFBC}") = "ClassicComponent.Maui", "MAUI\ClassicComponent.Maui\ClassicComponent.Maui.csproj", "{49C729DC-FDFA-43BA-BFD2-7E568171866E}"
EndProject
Project("{2150E333-8FDC-42A3-9474-1A3956D46DE8}") = "NET", "NET", "{B573A515-BE4C-415C-B5C8-2750F07EDB08}"
EndProject
Project("{FAE04EC0-301F-11D3-BF4B-00C04F79EFBC}") = "ReadyToUseUI.iOS", "NET\ReadyToUseUI.iOS\ReadyToUseUI.iOS.csproj", "{A3676FA2-6444-4EE2-8E37-918C32FA931C}"
EndProject
Project("{FAE04EC0-301F-11D3-BF4B-00C04F79EFBC}") = "ReadyToUseUI.Droid", "NET\ReadyToUseUI.Droid\ReadyToUseUI.Droid.csproj", "{17EA4B1B-DE2F-4AAD-9E7B-7F5D28A91CBC}"
EndProject
Project("{FAE04EC0-301F-11D3-BF4B-00C04F79EFBC}") = "ClassicComponent.iOS", "NET\ClassicComponent.iOS\ClassicComponent.iOS.csproj", "{0A7B14AF-48AA-4446-97E4-19C2EBB4A156}"
EndProject
Project("{FAE04EC0-301F-11D3-BF4B-00C04F79EFBC}") = "ClassicComponent.Droid", "NET\ClassicComponent.Droid\ClassicComponent.Droid.csproj", "{A37B898A-8504-4885-86CC-0852853FA3E2}"
EndProject
Global
	GlobalSection(SolutionConfigurationPlatforms) = preSolution
		Debug|Any CPU = Debug|Any CPU
		Release|Any CPU = Release|Any CPU
	EndGlobalSection
	GlobalSection(ProjectConfigurationPlatforms) = postSolution
		{EFE30BF5-F7A5-43BF-9A9F-EB4D2192A31B}.Debug|Any CPU.ActiveCfg = Debug|Any CPU
		{EFE30BF5-F7A5-43BF-9A9F-EB4D2192A31B}.Debug|Any CPU.Build.0 = Debug|Any CPU
		{EFE30BF5-F7A5-43BF-9A9F-EB4D2192A31B}.Debug|Any CPU.Deploy.0 = Debug|Any CPU
		{EFE30BF5-F7A5-43BF-9A9F-EB4D2192A31B}.Release|Any CPU.ActiveCfg = Release|Any CPU
		{EFE30BF5-F7A5-43BF-9A9F-EB4D2192A31B}.Release|Any CPU.Build.0 = Release|Any CPU
		{EFE30BF5-F7A5-43BF-9A9F-EB4D2192A31B}.Release|Any CPU.Deploy.0 = Release|Any CPU
		{A3676FA2-6444-4EE2-8E37-918C32FA931C}.Debug|Any CPU.ActiveCfg = Debug|Any CPU
		{A3676FA2-6444-4EE2-8E37-918C32FA931C}.Debug|Any CPU.Build.0 = Debug|Any CPU
		{A3676FA2-6444-4EE2-8E37-918C32FA931C}.Release|Any CPU.ActiveCfg = Release|Any CPU
		{A3676FA2-6444-4EE2-8E37-918C32FA931C}.Release|Any CPU.Build.0 = Release|Any CPU
		{17EA4B1B-DE2F-4AAD-9E7B-7F5D28A91CBC}.Debug|Any CPU.ActiveCfg = Debug|Any CPU
		{17EA4B1B-DE2F-4AAD-9E7B-7F5D28A91CBC}.Debug|Any CPU.Build.0 = Debug|Any CPU
		{17EA4B1B-DE2F-4AAD-9E7B-7F5D28A91CBC}.Release|Any CPU.ActiveCfg = Release|Any CPU
		{17EA4B1B-DE2F-4AAD-9E7B-7F5D28A91CBC}.Release|Any CPU.Build.0 = Release|Any CPU
		{49C729DC-FDFA-43BA-BFD2-7E568171866E}.Debug|Any CPU.ActiveCfg = Debug|Any CPU
		{49C729DC-FDFA-43BA-BFD2-7E568171866E}.Debug|Any CPU.Build.0 = Debug|Any CPU
		{49C729DC-FDFA-43BA-BFD2-7E568171866E}.Release|Any CPU.ActiveCfg = Release|Any CPU
		{49C729DC-FDFA-43BA-BFD2-7E568171866E}.Release|Any CPU.Build.0 = Release|Any CPU
		{0A7B14AF-48AA-4446-97E4-19C2EBB4A156}.Debug|Any CPU.ActiveCfg = Debug|Any CPU
		{0A7B14AF-48AA-4446-97E4-19C2EBB4A156}.Debug|Any CPU.Build.0 = Debug|Any CPU
		{0A7B14AF-48AA-4446-97E4-19C2EBB4A156}.Release|Any CPU.ActiveCfg = Release|Any CPU
		{0A7B14AF-48AA-4446-97E4-19C2EBB4A156}.Release|Any CPU.Build.0 = Release|Any CPU
		{A37B898A-8504-4885-86CC-0852853FA3E2}.Debug|Any CPU.ActiveCfg = Debug|Any CPU
		{A37B898A-8504-4885-86CC-0852853FA3E2}.Debug|Any CPU.Build.0 = Debug|Any CPU
		{A37B898A-8504-4885-86CC-0852853FA3E2}.Release|Any CPU.ActiveCfg = Release|Any CPU
		{A37B898A-8504-4885-86CC-0852853FA3E2}.Release|Any CPU.Build.0 = Release|Any CPU
	EndGlobalSection
	GlobalSection(SolutionProperties) = preSolution
		HideSolutionNode = FALSE
	EndGlobalSection
	GlobalSection(ExtensibilityGlobals) = postSolution
		SolutionGuid = {61F7FB11-1E47-470C-91E2-47F8143E1572}
	EndGlobalSection
	GlobalSection(NestedProjects) = preSolution
		{17EA4B1B-DE2F-4AAD-9E7B-7F5D28A91CBC} = {B573A515-BE4C-415C-B5C8-2750F07EDB08}
		{EFE30BF5-F7A5-43BF-9A9F-EB4D2192A31B} = {7A223253-21A6-4731-AC63-A095B0CC3687}
		{49C729DC-FDFA-43BA-BFD2-7E568171866E} = {7A223253-21A6-4731-AC63-A095B0CC3687}
		{A3676FA2-6444-4EE2-8E37-918C32FA931C} = {B573A515-BE4C-415C-B5C8-2750F07EDB08}
		{0A7B14AF-48AA-4446-97E4-19C2EBB4A156} = {B573A515-BE4C-415C-B5C8-2750F07EDB08}
		{A37B898A-8504-4885-86CC-0852853FA3E2} = {B573A515-BE4C-415C-B5C8-2750F07EDB08}
	EndGlobalSection
EndGlobal
